
Microsoft Visual Studio Solution File, Format Version 12.00
# Visual Studio 2013
VisualStudioVersion = 12.0.30501.0
MinimumVisualStudioVersion = 10.0.40219.1
Project("{FAE04EC0-301F-11D3-BF4B-00C04F79EFBC}") = "TryAngular", "TryAngular\TryAngular.csproj", "{C98CC3EF-BEF1-45CB-A8D5-1CF51F1E9F22}"
EndProject
Global
	GlobalSection(SolutionConfigurationPlatforms) = preSolution
		Debug|Any CPU = Debug|Any CPU
		Release|Any CPU = Release|Any CPU
	EndGlobalSection
	GlobalSection(ProjectConfigurationPlatforms) = postSolution
		{C98CC3EF-BEF1-45CB-A8D5-1CF51F1E9F22}.Debug|Any CPU.ActiveCfg = Debug|Any CPU
		{C98CC3EF-BEF1-45CB-A8D5-1CF51F1E9F22}.Debug|Any CPU.Build.0 = Debug|Any CPU
		{C98CC3EF-BEF1-45CB-A8D5-1CF51F1E9F22}.Release|Any CPU.ActiveCfg = Release|Any CPU
		{C98CC3EF-BEF1-45CB-A8D5-1CF51F1E9F22}.Release|Any CPU.Build.0 = Release|Any CPU
	EndGlobalSection
	GlobalSection(SolutionProperties) = preSolution
		HideSolutionNode = FALSE
	EndGlobalSection
EndGlobal
